
Microsoft Visual Studio Solution File, Format Version 12.00
# Visual Studio Version 16
VisualStudioVersion = 16.0.28917.182
MinimumVisualStudioVersion = 10.0.40219.1
Project("{FAE04EC0-301F-11D3-BF4B-00C04F79EFBC}") = "Authentication", "Authentication.csproj", "{D443042E-0198-47BC-9EED-8AC6859137DD}"
EndProject
Global
	GlobalSection(SolutionConfigurationPlatforms) = preSolution
		Debug|Any CPU = Debug|Any CPU
		Release|Any CPU = Release|Any CPU
	EndGlobalSection
	GlobalSection(ProjectConfigurationPlatforms) = postSolution
		{D443042E-0198-47BC-9EED-8AC6859137DD}.Debug|Any CPU.ActiveCfg = Debug|Any CPU
		{D443042E-0198-47BC-9EED-8AC6859137DD}.Debug|Any CPU.Build.0 = Debug|Any CPU
		{D443042E-0198-47BC-9EED-8AC6859137DD}.Release|Any CPU.ActiveCfg = Release|Any CPU
		{D443042E-0198-47BC-9EED-8AC6859137DD}.Release|Any CPU.Build.0 = Release|Any CPU
	EndGlobalSection
	GlobalSection(SolutionProperties) = preSolution
		HideSolutionNode = FALSE
	EndGlobalSection
	GlobalSection(ExtensibilityGlobals) = postSolution
		SolutionGuid = {AC69F54D-C45D-4755-9BD7-2F05DFB6D260}
	EndGlobalSection
EndGlobal
